
Microsoft Visual Studio Solution File, Format Version 12.00
# Visual Studio Version 16
VisualStudioVersion = 16.0.29519.87
MinimumVisualStudioVersion = 10.0.40219.1
Project("{2150E333-8FDC-42A3-9474-1A3956D46DE8}") = "CleanArch.Application", "CleanArch.Application", "{4C6E6B8C-3777-4698-9B1B-A6FE24D198BE}"
EndProject
Project("{2150E333-8FDC-42A3-9474-1A3956D46DE8}") = "CleanArch.Domain", "CleanArch.Domain", "{B1C7FBAF-9C2F-4982-BB11-0C50598CF56E}"
EndProject
Project("{2150E333-8FDC-42A3-9474-1A3956D46DE8}") = "CleanArch.Infra.Data", "CleanArch.Infra.Data", "{6CA54FD5-A2BB-40F7-9EB5-671C525532F5}"
EndProject
Project("{2150E333-8FDC-42A3-9474-1A3956D46DE8}") = "CleanArch.Infra.IoC", "CleanArch.Infra.IoC", "{9E869644-186E-4DA6-9ACE-8A6113FD30B8}"
EndProject
Project("{2150E333-8FDC-42A3-9474-1A3956D46DE8}") = "CleanArch.UI.MVC", "CleanArch.UI.MVC", "{32D7B400-A3C0-434E-A732-72D9F39FA7BB}"
EndProject
Project("{FAE04EC0-301F-11D3-BF4B-00C04F79EFBC}") = "CleanArch.MVC", "CleanArch.MVC\CleanArch.MVC.csproj", "{297D3AA0-8B5B-4749-8101-DB8F04F8CF9B}"
EndProject
Global
	GlobalSection(SolutionConfigurationPlatforms) = preSolution
		Debug|Any CPU = Debug|Any CPU
		Release|Any CPU = Release|Any CPU
	EndGlobalSection
	GlobalSection(ProjectConfigurationPlatforms) = postSolution
		{297D3AA0-8B5B-4749-8101-DB8F04F8CF9B}.Debug|Any CPU.ActiveCfg = Debug|Any CPU
		{297D3AA0-8B5B-4749-8101-DB8F04F8CF9B}.Debug|Any CPU.Build.0 = Debug|Any CPU
		{297D3AA0-8B5B-4749-8101-DB8F04F8CF9B}.Release|Any CPU.ActiveCfg = Release|Any CPU
		{297D3AA0-8B5B-4749-8101-DB8F04F8CF9B}.Release|Any CPU.Build.0 = Release|Any CPU
	EndGlobalSection
	GlobalSection(SolutionProperties) = preSolution
		HideSolutionNode = FALSE
	EndGlobalSection
	GlobalSection(NestedProjects) = preSolution
		{297D3AA0-8B5B-4749-8101-DB8F04F8CF9B} = {32D7B400-A3C0-434E-A732-72D9F39FA7BB}
	EndGlobalSection
	GlobalSection(ExtensibilityGlobals) = postSolution
		SolutionGuid = {458B5100-3027-4FAA-8178-3D1122394FE4}
	EndGlobalSection
EndGlobal
